# This file was autogenerated by Stack.
# You should not edit this file by hand.
# For more information, please see the documentation at:
#   https://docs.haskellstack.org/en/stable/lock_files

packages:
- completed:
    hackage: eve-0.1.9.0@sha256:1be024288b283f0fa90567387e2054afbda6d21a3f50dbc09ae205361c2b4152,2088
    pantry-tree:
      size: 1365
      sha256: e7964630eb979c30b051346df907ab692dfef9e0fd22b02bee54495f3f91ab02
  original:
    hackage: eve-0.1.9.0
snapshots:
- completed:
    size: 532386
    url: https://raw.githubusercontent.com/commercialhaskell/stackage-snapshots/master/lts/16/17.yaml
    sha256: d3ee1ae797cf63189c95cf27f00700304946c5cb3c1e6a82001cd6584a221e1b
  original: lts-16.17
